# THIS IS AN AUTOGENERATED FILE. DO NOT EDIT THIS FILE DIRECTLY.
# yarn lockfile v1


"@aws-cdk/assets@^1.3.0":
  version "1.3.0"
  resolved "https://registry.yarnpkg.com/@aws-cdk/assets/-/assets-1.3.0.tgz#b357666b0efc2a6d42ed61544b58eb7b0941a1b2"
  integrity sha512-hhtTa35EGafOtPho4nyRsYqzJfdxpLkf5HlBINwpnuEVO24ST9pdVcetPkDXcJykAvpeYGPXcNiHuMTPH7SpYw==
  dependencies:
    "@aws-cdk/core" "^1.3.0"
    "@aws-cdk/cx-api" "^1.3.0"
    minimatch "^3.0.4"

"@aws-cdk/aws-apigateway@^1.3.0":
  version "1.3.0"
  resolved "https://registry.yarnpkg.com/@aws-cdk/aws-apigateway/-/aws-apigateway-1.3.0.tgz#4d492f20717b7be2f9d23d910dcf4e12300f6b1f"
  integrity sha512-kazh8FcegawvIhj2uq780skbRwI/eG3Dw9AMb8pRvLKTCvGwMqpaLXGNDDi0PNAYH0vlSgBaqOyx9PLYW2KVmg==
  dependencies:
    "@aws-cdk/aws-certificatemanager" "^1.3.0"
    "@aws-cdk/aws-elasticloadbalancingv2" "^1.3.0"
    "@aws-cdk/aws-iam" "^1.3.0"
    "@aws-cdk/aws-lambda" "^1.3.0"
    "@aws-cdk/core" "^1.3.0"

"@aws-cdk/aws-applicationautoscaling@^1.3.0":
  version "1.3.0"
  resolved "https://registry.yarnpkg.com/@aws-cdk/aws-applicationautoscaling/-/aws-applicationautoscaling-1.3.0.tgz#dadb6cf676469278819c1f9c53e3305271de9db6"
  integrity sha512-uRY3dNb9jXsAbT8/rzcQesnAzAcEleThnReLhe//Bwhvq/EZxecsymwTilkvM/4NYM31sOqtx2V4hEX5mxp85g==
  dependencies:
    "@aws-cdk/aws-autoscaling-common" "^1.3.0"
    "@aws-cdk/aws-cloudwatch" "^1.3.0"
    "@aws-cdk/aws-iam" "^1.3.0"
    "@aws-cdk/core" "^1.3.0"

"@aws-cdk/aws-autoscaling-common@^1.3.0":
  version "1.3.0"
  resolved "https://registry.yarnpkg.com/@aws-cdk/aws-autoscaling-common/-/aws-autoscaling-common-1.3.0.tgz#e0db30598a0dfe2bc83eb8cd0ec3fbaf3111ac6b"
  integrity sha512-U1pFgOfvw8kb/cRng6DU1NGoqJTEivskyp45PV3ZcEUISAfAmZ6lWzkBZv4pwmiTzAc3oG6cH5jOTaWHSilfHA==
  dependencies:
    "@aws-cdk/aws-iam" "^1.3.0"
    "@aws-cdk/core" "^1.3.0"

"@aws-cdk/aws-certificatemanager@^1.3.0":
  version "1.3.0"
  resolved "https://registry.yarnpkg.com/@aws-cdk/aws-certificatemanager/-/aws-certificatemanager-1.3.0.tgz#86c37eb910a310df43c55742f2bd7bd16f82f256"
  integrity sha512-J43MlICZr3a842WVbDDreWjzgD/+2PI1j2gd7Uf9mn6ZK++HpJWAqWlkCsqU5fDQyo6IwK6Kv5HIUMbr5RDfeQ==
  dependencies:
    "@aws-cdk/aws-cloudformation" "^1.3.0"
    "@aws-cdk/aws-iam" "^1.3.0"
    "@aws-cdk/aws-lambda" "^1.3.0"
    "@aws-cdk/aws-route53" "^1.3.0"
    "@aws-cdk/core" "^1.3.0"

"@aws-cdk/aws-cloudformation@^1.3.0":
  version "1.3.0"
  resolved "https://registry.yarnpkg.com/@aws-cdk/aws-cloudformation/-/aws-cloudformation-1.3.0.tgz#ebf872f55cee69c61341c82c8a3f134bc17cb99a"
  integrity sha512-Fx3tPZNdSL5KBoV0w4xPgmQejM4+XmApJ5E5cLFQSCjA78H+i4nOr9s1zlneZ6dU+LtJipWQA7OqutNWeb83bA==
  dependencies:
    "@aws-cdk/aws-iam" "^1.3.0"
    "@aws-cdk/aws-lambda" "^1.3.0"
    "@aws-cdk/aws-sns" "^1.3.0"
    "@aws-cdk/core" "^1.3.0"

"@aws-cdk/aws-cloudwatch@^1.3.0":
  version "1.3.0"
  resolved "https://registry.yarnpkg.com/@aws-cdk/aws-cloudwatch/-/aws-cloudwatch-1.3.0.tgz#5daa330efcb9f5f6bcc972720384fe2dc191e180"
  integrity sha512-iPeLoqBclwx0Ts+/D96JT+JzNgRy1PWUMh31Jmts7sOi3vOnTH0EjbYteGfiojbSSp7JQhd/Dcku+/g5Akd/HA==
  dependencies:
    "@aws-cdk/aws-iam" "^1.3.0"
    "@aws-cdk/core" "^1.3.0"

"@aws-cdk/aws-dynamodb@^1.3.0":
  version "1.3.0"
  resolved "https://registry.yarnpkg.com/@aws-cdk/aws-dynamodb/-/aws-dynamodb-1.3.0.tgz#27d66d44f64bc7a2af655d190c1e05c2345f4eec"
  integrity sha512-sfbgGiCK0VRU6h6ESzSErjim4kTlmb4jbswRqVoZfxTrVuBlmbe7/9kDgBujEjcwDUmKbMtEPSt7IczO6fIAMg==
  dependencies:
    "@aws-cdk/aws-applicationautoscaling" "^1.3.0"
    "@aws-cdk/aws-iam" "^1.3.0"
    "@aws-cdk/core" "^1.3.0"

"@aws-cdk/aws-ec2@^1.3.0":
  version "1.3.0"
  resolved "https://registry.yarnpkg.com/@aws-cdk/aws-ec2/-/aws-ec2-1.3.0.tgz#44ae5e568bdbd183e6255d75eb3ddd2305716846"
  integrity sha512-JH0L75bf0wub3NHDs06VELi+4ofhLnrFvCMvslOQzf7ZZ+0h8w4xCi+3ayDgQ8Lm6RjfRBZ83pWOmx2mxte9rQ==
  dependencies:
    "@aws-cdk/aws-cloudwatch" "^1.3.0"
    "@aws-cdk/aws-iam" "^1.3.0"
    "@aws-cdk/aws-ssm" "^1.3.0"
    "@aws-cdk/core" "^1.3.0"
    "@aws-cdk/cx-api" "^1.3.0"

"@aws-cdk/aws-elasticloadbalancingv2@^1.3.0":
  version "1.3.0"
  resolved "https://registry.yarnpkg.com/@aws-cdk/aws-elasticloadbalancingv2/-/aws-elasticloadbalancingv2-1.3.0.tgz#fe52929ad2ac542c3de35478359e1cc221a09d3a"
  integrity sha512-InmYMwL1jRB1cQzhWOCwU8vs1B7MYCulVi9Ns3/GcUKhHWeJ+HHjrltR4yBDfNODEIIP2VaS7Fi+sBmV0tsx5w==
  dependencies:
    "@aws-cdk/aws-certificatemanager" "^1.3.0"
    "@aws-cdk/aws-cloudwatch" "^1.3.0"
    "@aws-cdk/aws-ec2" "^1.3.0"
    "@aws-cdk/aws-iam" "^1.3.0"
    "@aws-cdk/aws-s3" "^1.3.0"
    "@aws-cdk/core" "^1.3.0"

"@aws-cdk/aws-events@^1.3.0":
  version "1.3.0"
  resolved "https://registry.yarnpkg.com/@aws-cdk/aws-events/-/aws-events-1.3.0.tgz#09f9bfa78f380060db0bf705471f4c66af784970"
  integrity sha512-7dR5h/m3Q0y9PQSMJUyscX0Ed+Lq9gUmg8P/Gi+NIauPKDlgpnrxsw+vOawBKz/6VXYFeq1EazlLqTq2XYShOg==
  dependencies:
    "@aws-cdk/aws-iam" "^1.3.0"
    "@aws-cdk/core" "^1.3.0"

"@aws-cdk/aws-iam@^1.3.0":
  version "1.3.0"
  resolved "https://registry.yarnpkg.com/@aws-cdk/aws-iam/-/aws-iam-1.3.0.tgz#5608b13a31d282a2d5e48efa698d78d51d41a3db"
  integrity sha512-Whkvs7ep9SOjLVOm60YGIILzLWdoek7JZbKI9/OyuvJy0RPq84T+im5ZIKBu7SvSP0hLA75AQXR7r9z2tHH6fA==
  dependencies:
    "@aws-cdk/core" "^1.3.0"
    "@aws-cdk/region-info" "^1.3.0"

"@aws-cdk/aws-kms@^1.3.0":
  version "1.3.0"
  resolved "https://registry.yarnpkg.com/@aws-cdk/aws-kms/-/aws-kms-1.3.0.tgz#535f5571a97a051de52ffde837329086dab1841e"
  integrity sha512-aWQ9Jxm6c9hqgMlyhba8pm4G0jz2Au+yrExeTfD97AlOmzfkrgVQw0cGNI+fa9B7nbjzu6efyzzAB+nrK1QQow==
  dependencies:
    "@aws-cdk/aws-iam" "^1.3.0"
    "@aws-cdk/core" "^1.3.0"

"@aws-cdk/aws-lambda@^1.3.0":
  version "1.3.0"
  resolved "https://registry.yarnpkg.com/@aws-cdk/aws-lambda/-/aws-lambda-1.3.0.tgz#5ea5001b3328021a1ed5e6f39d373447746a3015"
  integrity sha512-HChTB5oFiEQ60Kq1A7h8KFfgSK7QZPGIVIFc7dz+8UsZJdz0u86eZtDdHRwvbp4cAqpsnaAfNjFrFNEuyGtfBw==
  dependencies:
    "@aws-cdk/aws-cloudwatch" "^1.3.0"
    "@aws-cdk/aws-ec2" "^1.3.0"
    "@aws-cdk/aws-events" "^1.3.0"
    "@aws-cdk/aws-iam" "^1.3.0"
    "@aws-cdk/aws-logs" "^1.3.0"
    "@aws-cdk/aws-s3" "^1.3.0"
    "@aws-cdk/aws-s3-assets" "^1.3.0"
    "@aws-cdk/aws-sqs" "^1.3.0"
    "@aws-cdk/core" "^1.3.0"
    "@aws-cdk/cx-api" "^1.3.0"

"@aws-cdk/aws-logs@^1.3.0":
  version "1.3.0"
  resolved "https://registry.yarnpkg.com/@aws-cdk/aws-logs/-/aws-logs-1.3.0.tgz#525509f269a15a55d16c8e061170392b764f0bb5"
  integrity sha512-iuSi73Znfdh83M3Vj9Ev1Tg/X89mLhNNCXQxvkSHn9ET1clkZfn0PSNvlp/VUTVmIONNrFyCJyrEaLkQOUHoww==
  dependencies:
    "@aws-cdk/aws-cloudwatch" "^1.3.0"
    "@aws-cdk/aws-iam" "^1.3.0"
    "@aws-cdk/core" "^1.3.0"

"@aws-cdk/aws-route53@^1.3.0":
  version "1.3.0"
  resolved "https://registry.yarnpkg.com/@aws-cdk/aws-route53/-/aws-route53-1.3.0.tgz#8a39544e2d8915d1536a4d5e92155a23a0140a8b"
  integrity sha512-9VxVxpuOtHuPVDeHX3tDm4Z5zk/jUvwLRWp4rswS9588PGPmucfp7H/7C7LyxvQWINIYPVnwjEqDoRC6Z70NSA==
  dependencies:
    "@aws-cdk/aws-ec2" "^1.3.0"
    "@aws-cdk/aws-logs" "^1.3.0"
    "@aws-cdk/core" "^1.3.0"
    "@aws-cdk/cx-api" "^1.3.0"

"@aws-cdk/aws-s3-assets@^1.3.0":
  version "1.3.0"
  resolved "https://registry.yarnpkg.com/@aws-cdk/aws-s3-assets/-/aws-s3-assets-1.3.0.tgz#93bc87603c79ce90520a712813a3a08946386c6b"
  integrity sha512-129hfvq8GaHUmZ5zhBcTnm7xmxKMaguYDVKUkl1Uh9JLgbwJTlWoDI34IOALIc60V1TyYmPQUtSbNCRlEcwbPQ==
  dependencies:
    "@aws-cdk/assets" "^1.3.0"
    "@aws-cdk/aws-iam" "^1.3.0"
    "@aws-cdk/aws-s3" "^1.3.0"
    "@aws-cdk/core" "^1.3.0"
    "@aws-cdk/cx-api" "^1.3.0"

"@aws-cdk/aws-s3@^1.3.0":
  version "1.3.0"
  resolved "https://registry.yarnpkg.com/@aws-cdk/aws-s3/-/aws-s3-1.3.0.tgz#bc92cce12749619f933eaacf4f507f686fbc240e"
  integrity sha512-EUSYEDMZFCk8mcXDXYGmOdOOc6Cx30J6hLlX9TUiBVem0JBo9hcWNDNfSN6Vcl4dy5frN81ctIyHreGH9yIRcg==
  dependencies:
    "@aws-cdk/aws-events" "^1.3.0"
    "@aws-cdk/aws-iam" "^1.3.0"
    "@aws-cdk/aws-kms" "^1.3.0"
    "@aws-cdk/core" "^1.3.0"

"@aws-cdk/aws-sns-subscriptions@^1.3.0":
  version "1.3.0"
  resolved "https://registry.yarnpkg.com/@aws-cdk/aws-sns-subscriptions/-/aws-sns-subscriptions-1.3.0.tgz#758dfb9dcb3fbee3f49eb598aa7392c0eedcbc39"
  integrity sha512-sQC6ofNm/OX9X3puDGk7gwsoJqwG3Z1JLScOiapQkTizZxdNXmkay0wjqigj2j5CNARMdRtClCirf+LLA1LKpA==
  dependencies:
    "@aws-cdk/aws-iam" "^1.3.0"
    "@aws-cdk/aws-lambda" "^1.3.0"
    "@aws-cdk/aws-sns" "^1.3.0"
    "@aws-cdk/aws-sqs" "^1.3.0"
    "@aws-cdk/core" "^1.3.0"

"@aws-cdk/aws-sns@^1.3.0":
  version "1.3.0"
  resolved "https://registry.yarnpkg.com/@aws-cdk/aws-sns/-/aws-sns-1.3.0.tgz#42b0232595e601748ba7ec84970d8af09dbc64da"
  integrity sha512-BmLbdfJL02iaH780Y0Tl0FGXkYhgt2I+gr18yFdWszOzqJLzfDG3lLmII4TFX7h5WpygqfC0WK8O9ooJklSP0Q==
  dependencies:
    "@aws-cdk/aws-cloudwatch" "^1.3.0"
    "@aws-cdk/aws-events" "^1.3.0"
    "@aws-cdk/aws-iam" "^1.3.0"
    "@aws-cdk/core" "^1.3.0"

"@aws-cdk/aws-sqs@^1.3.0":
  version "1.3.0"
  resolved "https://registry.yarnpkg.com/@aws-cdk/aws-sqs/-/aws-sqs-1.3.0.tgz#3b344c2f5966d57dbef870bb5b21faa00730941b"
  integrity sha512-TUAdwbTH+XzdMfhbtKHjanqBe81aC7LYZz1R4NAwLQNkVFYc/Ru2URzShKAwc6tIa5A3ivv5AMH7dsdiHS1ffQ==
  dependencies:
    "@aws-cdk/aws-cloudwatch" "^1.3.0"
    "@aws-cdk/aws-iam" "^1.3.0"
    "@aws-cdk/aws-kms" "^1.3.0"
    "@aws-cdk/core" "^1.3.0"

"@aws-cdk/aws-ssm@^1.3.0":
  version "1.3.0"
  resolved "https://registry.yarnpkg.com/@aws-cdk/aws-ssm/-/aws-ssm-1.3.0.tgz#cc102d05c2058bd68482f709e8871f8b71953295"
  integrity sha512-EyvxrrNjIg07CJLEX2lPMovmMjt5O2LGjTENU+NkGn8GCeIw0TI0eWpfLBRVkn/xhtufe15HjnjOeZQ5r9xSDg==
  dependencies:
    "@aws-cdk/aws-iam" "^1.3.0"
    "@aws-cdk/core" "^1.3.0"
    "@aws-cdk/cx-api" "^1.3.0"

"@aws-cdk/core@^1.3.0":
  version "1.3.0"
  resolved "https://registry.yarnpkg.com/@aws-cdk/core/-/core-1.3.0.tgz#43c4a0d6a1cad572bdcf4372a99cc5d306db10de"
  integrity sha512-7/sgIZ61AiiCgoc2TFZd0JrVw/wJLOByDccfvZiGDlYoNqYg4WM+eqtwNWlrY/OoOc7UpQAa/ljSi+TbnBjs3g==
  dependencies:
    "@aws-cdk/cx-api" "^1.3.0"

"@aws-cdk/cx-api@^1.3.0":
  version "1.3.0"
  resolved "https://registry.yarnpkg.com/@aws-cdk/cx-api/-/cx-api-1.3.0.tgz#3cdeb0ce421f34f6bddfdcf24cdd2a3addc1ffca"
  integrity sha512-nh1USGgn2pT1+x4L8WjchW5Iz9S1wv69kebhkiu2FTNaySghGl9uMhsQzheYXwGyegAfq1tko41jMxaJkQmspQ==
  dependencies:
    semver "^6.1.1"

"@aws-cdk/region-info@^1.3.0":
  version "1.3.0"
  resolved "https://registry.yarnpkg.com/@aws-cdk/region-info/-/region-info-1.3.0.tgz#ef303c2fee8779126cdc4779f4929621f3420964"
  integrity sha512-gSTpTvNS578RFxWfa9XYr8u6H92DlTNlbVWNtnQiUC1UGn87ODl6JJ4rzXyLZeo3y7pVr+O4mficvYybaEBw3A==

"@types/node@8.10.45":
  version "8.10.45"
  resolved "https://registry.yarnpkg.com/@types/node/-/node-8.10.45.tgz#4c49ba34106bc7dced77ff6bae8eb6543cde8351"
  integrity sha512-tGVTbA+i3qfXsLbq9rEq/hezaHY55QxQLeXQL2ejNgFAxxrgu8eMmYIOsRcl7hN1uTLVsKOOYacV/rcJM3sfgQ==

"@types/typescript@^2.0.0":
  version "2.0.0"
  resolved "https://registry.yarnpkg.com/@types/typescript/-/typescript-2.0.0.tgz#c433539c98bae28682b307eaa7a0fd2115b83c28"
  integrity sha1-xDNTnJi64oaCswfqp6D9IRW4PCg=
  dependencies:
    typescript "*"

aws-cdk@^1.174.0:
  version "1.174.0"
  resolved "https://registry.yarnpkg.com/aws-cdk/-/aws-cdk-1.174.0.tgz#86986b5097a233ded453159b533b6c19c3537689"
  integrity sha512-cAnJ1vx8p0sFoHR5IP4YKd4l3lN7s9Y7+umwb4eNgWr+XSgUbuYiJgS/FD57hIbHN1uoBih3QAE0RA62LVJSFw==
  optionalDependencies:
    fsevents "2.3.2"

balanced-match@^1.0.0:
  version "1.0.0"
  resolved "https://registry.yarnpkg.com/balanced-match/-/balanced-match-1.0.0.tgz#89b4d199ab2bee49de164ea02b89ce462d71b767"
  integrity sha1-ibTRmasr7kneFk6gK4nORi1xt2c=

brace-expansion@^1.1.7:
  version "1.1.11"
  resolved "https://registry.yarnpkg.com/brace-expansion/-/brace-expansion-1.1.11.tgz#3c7fcbf529d87226f3d2f52b966ff5271eb441dd"
  integrity sha512-iCuPHDFgrHX7H2vEI/5xpz07zSHB00TpugqhmYtVmMO6518mCuRMoOYFldEBl0g187ufozdaHgWKcYFb61qGiA==
  dependencies:
    balanced-match "^1.0.0"
    concat-map "0.0.1"

concat-map@0.0.1:
  version "0.0.1"
  resolved "https://registry.yarnpkg.com/concat-map/-/concat-map-0.0.1.tgz#d8a96bd77fd68df7793a73036a3ba0d5405d477b"
  integrity sha1-2Klr13/Wjfd5OnMDajug1UBdR3s=

fsevents@2.3.2:
  version "2.3.2"
  resolved "https://registry.yarnpkg.com/fsevents/-/fsevents-2.3.2.tgz#8a526f78b8fdf4623b709e0b975c52c24c02fd1a"
  integrity sha512-xiqMQR4xAeHTuB9uWm+fFRcIOgKBMiOBP+eXiyT7jsgVCq1bkVygt00oASowB7EdtpOHaaPgKt812P9ab+DDKA==

minimatch@^3.0.4:
  version "3.0.4"
  resolved "https://registry.yarnpkg.com/minimatch/-/minimatch-3.0.4.tgz#5166e286457f03306064be5497e8dbb0c3d32083"
  integrity sha512-yJHVQEhyqPLUTgt9B83PXu6W3rx4MvvHvSUvToogpwoGDOUQ+yDrR0HRot+yOCdCO7u4hX3pWft6kWBBcqh0UA==
  dependencies:
    brace-expansion "^1.1.7"

semver@^6.1.1:
  version "6.3.0"
  resolved "https://registry.yarnpkg.com/semver/-/semver-6.3.0.tgz#ee0a64c8af5e8ceea67687b133761e1becbd1d3d"
  integrity sha512-b39TBaTSfV6yBrapU89p5fKekE2m/NwnDocOVruQFS1/veMgdzuPcnOM34M6CwxW8jH/lxEa5rBoDeUwu5HHTw==

typescript@*, typescript@^3.3.3333:
  version "3.5.3"
  resolved "https://registry.yarnpkg.com/typescript/-/typescript-3.5.3.tgz#c830f657f93f1ea846819e929092f5fe5983e977"
  integrity sha512-ACzBtm/PhXBDId6a6sDJfroT2pOWt/oOnk4/dElG5G33ZL776N3Y6/6bKZJBFpd+b05F3Ct9qDjMeJmRWtE2/g==
